// !$*UTF8*$!
{
	archiveVersion = 1;
	classes = {
	};
	objectVersion = 48;
	objects = {

/* Begin PBXBuildFile section */
		084121E72003E58400F7E8A4 /* PTListKit.framework in Frameworks */ = {isa = PBXBuildFile; fileRef = 084121DD2003E58400F7E8A4 /* PTListKit.framework */; };
		084121EE2003E58400F7E8A4 /* PTListKit.h in Headers */ = {isa = PBXBuildFile; fileRef = 084121E02003E58400F7E8A4 /* PTListKit.h */; settings = {ATTRIBUTES = (Public, ); }; };
		0890BF9D201A8CA300E29DA8 /* TableViewDataSource.swift in Sources */ = {isa = PBXBuildFile; fileRef = 0890BF9C201A8CA300E29DA8 /* TableViewDataSource.swift */; };
		0890BF9F201A8CC000E29DA8 /* TableViewDataSourceSpec.swift in Sources */ = {isa = PBXBuildFile; fileRef = 0890BF9E201A8CC000E29DA8 /* TableViewDataSourceSpec.swift */; };
		08A09B712003E83500953BAA /* DataSourceSpec.swift in Sources */ = {isa = PBXBuildFile; fileRef = 08A09B702003E83500953BAA /* DataSourceSpec.swift */; };
		08A09B7A2003E99500953BAA /* CollectionViewDataSource.swift in Sources */ = {isa = PBXBuildFile; fileRef = 08A09B792003E99500953BAA /* CollectionViewDataSource.swift */; };
		1721755FBB6DB1EC528F17EC /* Pods_PTListKit.framework in Frameworks */ = {isa = PBXBuildFile; fileRef = 335639D9FCB0644BBA16CEE9 /* Pods_PTListKit.framework */; };
		7D62964B648B6E7444D44F23 /* Pods_PTListKit_PTListKitTests.framework in Frameworks */ = {isa = PBXBuildFile; fileRef = 75FE22CA2AEBD4C0F6FA861C /* Pods_PTListKit_PTListKitTests.framework */; };
/* End PBXBuildFile section */

/* Begin PBXContainerItemProxy section */
		084121E82003E58400F7E8A4 /* PBXContainerItemProxy */ = {
			isa = PBXContainerItemProxy;
			containerPortal = 084121D42003E58400F7E8A4 /* Project object */;
			proxyType = 1;
			remoteGlobalIDString = 084121DC2003E58400F7E8A4;
			remoteInfo = PTListKit;
		};
/* End PBXContainerItemProxy section */

/* Begin PBXFileReference section */
		0784DD5D62AFB40EA4A4AF20 /* Pods-PTListKit-PTListKitTests.debug.xcconfig */ = {isa = PBXFileReference; includeInIndex = 1; lastKnownFileType = text.xcconfig; name = "Pods-PTListKit-PTListKitTests.debug.xcconfig"; path = "Pods/Target Support Files/Pods-PTListKit-PTListKitTests/Pods-PTListKit-PTListKitTests.debug.xcconfig"; sourceTree = "<group>"; };
		084121DD2003E58400F7E8A4 /* PTListKit.framework */ = {isa = PBXFileReference; explicitFileType = wrapper.framework; includeInIndex = 0; path = PTListKit.framework; sourceTree = BUILT_PRODUCTS_DIR; };
		084121E02003E58400F7E8A4 /* PTListKit.h */ = {isa = PBXFileReference; lastKnownFileType = sourcecode.c.h; path = PTListKit.h; sourceTree = "<group>"; };
		084121E12003E58400F7E8A4 /* Info.plist */ = {isa = PBXFileReference; lastKnownFileType = text.plist.xml; path = Info.plist; sourceTree = "<group>"; };
		084121E62003E58400F7E8A4 /* PTListKitTests.xctest */ = {isa = PBXFileReference; explicitFileType = wrapper.cfbundle; includeInIndex = 0; path = PTListKitTests.xctest; sourceTree = BUILT_PRODUCTS_DIR; };
		084121ED2003E58400F7E8A4 /* Info.plist */ = {isa = PBXFileReference; lastKnownFileType = text.plist.xml; path = Info.plist; sourceTree = "<group>"; };
		0890BF9C201A8CA300E29DA8 /* TableViewDataSource.swift */ = {isa = PBXFileReference; lastKnownFileType = sourcecode.swift; path = TableViewDataSource.swift; sourceTree = "<group>"; };
		0890BF9E201A8CC000E29DA8 /* TableViewDataSourceSpec.swift */ = {isa = PBXFileReference; lastKnownFileType = sourcecode.swift; path = TableViewDataSourceSpec.swift; sourceTree = "<group>"; };
		08A09B702003E83500953BAA /* DataSourceSpec.swift */ = {isa = PBXFileReference; lastKnownFileType = sourcecode.swift; path = DataSourceSpec.swift; sourceTree = "<group>"; };
		08A09B792003E99500953BAA /* CollectionViewDataSource.swift */ = {isa = PBXFileReference; lastKnownFileType = sourcecode.swift; path = CollectionViewDataSource.swift; sourceTree = "<group>"; };
		1C57C79DFC281A09D48FC1D2 /* Pods-PTListKit-PTListKitTests.release.xcconfig */ = {isa = PBXFileReference; includeInIndex = 1; lastKnownFileType = text.xcconfig; name = "Pods-PTListKit-PTListKitTests.release.xcconfig"; path = "Pods/Target Support Files/Pods-PTListKit-PTListKitTests/Pods-PTListKit-PTListKitTests.release.xcconfig"; sourceTree = "<group>"; };
		335639D9FCB0644BBA16CEE9 /* Pods_PTListKit.framework */ = {isa = PBXFileReference; explicitFileType = wrapper.framework; includeInIndex = 0; path = Pods_PTListKit.framework; sourceTree = BUILT_PRODUCTS_DIR; };
		75FE22CA2AEBD4C0F6FA861C /* Pods_PTListKit_PTListKitTests.framework */ = {isa = PBXFileReference; explicitFileType = wrapper.framework; includeInIndex = 0; path = Pods_PTListKit_PTListKitTests.framework; sourceTree = BUILT_PRODUCTS_DIR; };
		C8A1A4ABCE05E41909008222 /* Pods-PTListKit.debug.xcconfig */ = {isa = PBXFileReference; includeInIndex = 1; lastKnownFileType = text.xcconfig; name = "Pods-PTListKit.debug.xcconfig"; path = "Pods/Target Support Files/Pods-PTListKit/Pods-PTListKit.debug.xcconfig"; sourceTree = "<group>"; };
		C8D56E8F7C7B1A6AD1542006 /* Pods-PTListKit.release.xcconfig */ = {isa = PBXFileReference; includeInIndex = 1; lastKnownFileType = text.xcconfig; name = "Pods-PTListKit.release.xcconfig"; path = "Pods/Target Support Files/Pods-PTListKit/Pods-PTListKit.release.xcconfig"; sourceTree = "<group>"; };
/* End PBXFileReference section */

/* Begin PBXFrameworksBuildPhase section */
		084121D92003E58400F7E8A4 /* Frameworks */ = {
			isa = PBXFrameworksBuildPhase;
			buildActionMask = 2147483647;
			files = (
				1721755FBB6DB1EC528F17EC /* Pods_PTListKit.framework in Frameworks */,
			);
			runOnlyForDeploymentPostprocessing = 0;
		};
		084121E32003E58400F7E8A4 /* Frameworks */ = {
			isa = PBXFrameworksBuildPhase;
			buildActionMask = 2147483647;
			files = (
				084121E72003E58400F7E8A4 /* PTListKit.framework in Frameworks */,
				7D62964B648B6E7444D44F23 /* Pods_PTListKit_PTListKitTests.framework in Frameworks */,
			);
			runOnlyForDeploymentPostprocessing = 0;
		};
/* End PBXFrameworksBuildPhase section */

/* Begin PBXGroup section */
		084121D32003E58400F7E8A4 = {
			isa = PBXGroup;
			children = (
				084121DF2003E58400F7E8A4 /* PTListKit */,
				084121EA2003E58400F7E8A4 /* PTListKitTests */,
				084121DE2003E58400F7E8A4 /* Products */,
				6B1E7C9AEEA866C58B208875 /* Pods */,
				D00B7E4970707025A3E46115 /* Frameworks */,
			);
			sourceTree = "<group>";
		};
		084121DE2003E58400F7E8A4 /* Products */ = {
			isa = PBXGroup;
			children = (
				084121DD2003E58400F7E8A4 /* PTListKit.framework */,
				084121E62003E58400F7E8A4 /* PTListKitTests.xctest */,
			);
			name = Products;
			sourceTree = "<group>";
		};
		084121DF2003E58400F7E8A4 /* PTListKit */ = {
			isa = PBXGroup;
			children = (
				08A09B722003E92700953BAA /* CollectionView */,
				084121E02003E58400F7E8A4 /* PTListKit.h */,
				084121E12003E58400F7E8A4 /* Info.plist */,
			);
			path = PTListKit;
			sourceTree = "<group>";
		};
		084121EA2003E58400F7E8A4 /* PTListKitTests */ = {
			isa = PBXGroup;
			children = (
				08A09B6E2003E81200953BAA /* CollectionView */,
				084121ED2003E58400F7E8A4 /* Info.plist */,
			);
			path = PTListKitTests;
			sourceTree = "<group>";
		};
		08A09B6E2003E81200953BAA /* CollectionView */ = {
			isa = PBXGroup;
			children = (
				08A09B6F2003E82300953BAA /* DataSource */,
			);
			path = CollectionView;
			sourceTree = "<group>";
		};
		08A09B6F2003E82300953BAA /* DataSource */ = {
			isa = PBXGroup;
			children = (
				08A09B702003E83500953BAA /* DataSourceSpec.swift */,
				0890BF9E201A8CC000E29DA8 /* TableViewDataSourceSpec.swift */,
			);
			path = DataSource;
			sourceTree = "<group>";
		};
		08A09B722003E92700953BAA /* CollectionView */ = {
			isa = PBXGroup;
			children = (
				08A09B732003E92C00953BAA /* DataSource */,
			);
			path = CollectionView;
			sourceTree = "<group>";
		};
		08A09B732003E92C00953BAA /* DataSource */ = {
			isa = PBXGroup;
			children = (
				08A09B742003E93300953BAA /* DataSource */,
			);
			path = DataSource;
			sourceTree = "<group>";
		};
		08A09B742003E93300953BAA /* DataSource */ = {
			isa = PBXGroup;
			children = (
				08A09B792003E99500953BAA /* CollectionViewDataSource.swift */,
				0890BF9C201A8CA300E29DA8 /* TableViewDataSource.swift */,
			);
			path = DataSource;
			sourceTree = "<group>";
		};
		6B1E7C9AEEA866C58B208875 /* Pods */ = {
			isa = PBXGroup;
			children = (
				C8A1A4ABCE05E41909008222 /* Pods-PTListKit.debug.xcconfig */,
				C8D56E8F7C7B1A6AD1542006 /* Pods-PTListKit.release.xcconfig */,
				0784DD5D62AFB40EA4A4AF20 /* Pods-PTListKit-PTListKitTests.debug.xcconfig */,
				1C57C79DFC281A09D48FC1D2 /* Pods-PTListKit-PTListKitTests.release.xcconfig */,
			);
			name = Pods;
			sourceTree = "<group>";
		};
		D00B7E4970707025A3E46115 /* Frameworks */ = {
			isa = PBXGroup;
			children = (
				335639D9FCB0644BBA16CEE9 /* Pods_PTListKit.framework */,
				75FE22CA2AEBD4C0F6FA861C /* Pods_PTListKit_PTListKitTests.framework */,
			);
			name = Frameworks;
			sourceTree = "<group>";
		};
/* End PBXGroup section */

/* Begin PBXHeadersBuildPhase section */
		084121DA2003E58400F7E8A4 /* Headers */ = {
			isa = PBXHeadersBuildPhase;
			buildActionMask = 2147483647;
			files = (
				084121EE2003E58400F7E8A4 /* PTListKit.h in Headers */,
			);
			runOnlyForDeploymentPostprocessing = 0;
		};
/* End PBXHeadersBuildPhase section */

/* Begin PBXNativeTarget section */
		084121DC2003E58400F7E8A4 /* PTListKit */ = {
			isa = PBXNativeTarget;
			buildConfigurationList = 084121F12003E58400F7E8A4 /* Build configuration list for PBXNativeTarget "PTListKit" */;
			buildPhases = (
				B6D5B98601F235A2DFF1A832 /* [CP] Check Pods Manifest.lock */,
				084121D82003E58400F7E8A4 /* Sources */,
				084121D92003E58400F7E8A4 /* Frameworks */,
				084121DA2003E58400F7E8A4 /* Headers */,
				084121DB2003E58400F7E8A4 /* Resources */,
				E43EB27ACF5F669F3E800FFE /* [CP] Copy Pods Resources */,
			);
			buildRules = (
			);
			dependencies = (
			);
			name = PTListKit;
			productName = PTListKit;
			productReference = 084121DD2003E58400F7E8A4 /* PTListKit.framework */;
			productType = "com.apple.product-type.framework";
		};
		084121E52003E58400F7E8A4 /* PTListKitTests */ = {
			isa = PBXNativeTarget;
			buildConfigurationList = 084121F42003E58400F7E8A4 /* Build configuration list for PBXNativeTarget "PTListKitTests" */;
			buildPhases = (
				CD95583A49ED3CF866C4C9C9 /* [CP] Check Pods Manifest.lock */,
				084121E22003E58400F7E8A4 /* Sources */,
				084121E32003E58400F7E8A4 /* Frameworks */,
				084121E42003E58400F7E8A4 /* Resources */,
				355EDC60B7BCAC3AB7A2F282 /* [CP] Embed Pods Frameworks */,
				C17924E7E4A37A88F0C9AA5C /* [CP] Copy Pods Resources */,
			);
			buildRules = (
			);
			dependencies = (
				084121E92003E58400F7E8A4 /* PBXTargetDependency */,
			);
			name = PTListKitTests;
			productName = PTListKitTests;
			productReference = 084121E62003E58400F7E8A4 /* PTListKitTests.xctest */;
			productType = "com.apple.product-type.bundle.unit-test";
		};
/* End PBXNativeTarget section */

/* Begin PBXProject section */
		084121D42003E58400F7E8A4 /* Project object */ = {
			isa = PBXProject;
			attributes = {
				LastSwiftUpdateCheck = 0920;
				LastUpgradeCheck = 0920;
				ORGANIZATIONNAME = "heeso Kim";
				TargetAttributes = {
					084121DC2003E58400F7E8A4 = {
						CreatedOnToolsVersion = 9.2;
						LastSwiftMigration = 0920;
						ProvisioningStyle = Automatic;
					};
					084121E52003E58400F7E8A4 = {
						CreatedOnToolsVersion = 9.2;
						LastSwiftMigration = 0920;
						ProvisioningStyle = Automatic;
					};
				};
			};
			buildConfigurationList = 084121D72003E58400F7E8A4 /* Build configuration list for PBXProject "PTListKit" */;
			compatibilityVersion = "Xcode 8.0";
			developmentRegion = en;
			hasScannedForEncodings = 0;
			knownRegions = (
				en,
			);
			mainGroup = 084121D32003E58400F7E8A4;
			productRefGroup = 084121DE2003E58400F7E8A4 /* Products */;
			projectDirPath = "";
			projectRoot = "";
			targets = (
				084121DC2003E58400F7E8A4 /* PTListKit */,
				084121E52003E58400F7E8A4 /* PTListKitTests */,
			);
		};
/* End PBXProject section */

/* Begin PBXResourcesBuildPhase section */
		084121DB2003E58400F7E8A4 /* Resources */ = {
			isa = PBXResourcesBuildPhase;
			buildActionMask = 2147483647;
			files = (
			);
			runOnlyForDeploymentPostprocessing = 0;
		};
		084121E42003E58400F7E8A4 /* Resources */ = {
			isa = PBXResourcesBuildPhase;
			buildActionMask = 2147483647;
			files = (
			);
			runOnlyForDeploymentPostprocessing = 0;
		};
/* End PBXResourcesBuildPhase section */

/* Begin PBXShellScriptBuildPhase section */
		355EDC60B7BCAC3AB7A2F282 /* [CP] Embed Pods Frameworks */ = {
			isa = PBXShellScriptBuildPhase;
			buildActionMask = 2147483647;
			files = (
			);
			inputPaths = (
			);
			name = "[CP] Embed Pods Frameworks";
			outputPaths = (
			);
			runOnlyForDeploymentPostprocessing = 0;
			shellPath = /bin/sh;
			shellScript = "\"${SRCROOT}/Pods/Target Support Files/Pods-PTListKit-PTListKitTests/Pods-PTListKit-PTListKitTests-frameworks.sh\"\n";
			showEnvVarsInLog = 0;
		};
		B6D5B98601F235A2DFF1A832 /* [CP] Check Pods Manifest.lock */ = {
			isa = PBXShellScriptBuildPhase;
			buildActionMask = 2147483647;
			files = (
			);
			inputPaths = (
			);
			name = "[CP] Check Pods Manifest.lock";
			outputPaths = (
			);
			runOnlyForDeploymentPostprocessing = 0;
			shellPath = /bin/sh;
			shellScript = "diff \"${PODS_PODFILE_DIR_PATH}/Podfile.lock\" \"${PODS_ROOT}/Manifest.lock\" > /dev/null\nif [ $? != 0 ] ; then\n    # print error to STDERR\n    echo \"error: The sandbox is not in sync with the Podfile.lock. Run 'pod install' or update your CocoaPods installation.\" >&2\n    exit 1\nfi\n";
			showEnvVarsInLog = 0;
		};
		C17924E7E4A37A88F0C9AA5C /* [CP] Copy Pods Resources */ = {
			isa = PBXShellScriptBuildPhase;
			buildActionMask = 2147483647;
			files = (
			);
			inputPaths = (
			);
			name = "[CP] Copy Pods Resources";
			outputPaths = (
			);
			runOnlyForDeploymentPostprocessing = 0;
			shellPath = /bin/sh;
			shellScript = "\"${SRCROOT}/Pods/Target Support Files/Pods-PTListKit-PTListKitTests/Pods-PTListKit-PTListKitTests-resources.sh\"\n";
			showEnvVarsInLog = 0;
		};
		CD95583A49ED3CF866C4C9C9 /* [CP] Check Pods Manifest.lock */ = {
			isa = PBXShellScriptBuildPhase;
			buildActionMask = 2147483647;
			files = (
			);
			inputPaths = (
			);
			name = "[CP] Check Pods Manifest.lock";
			outputPaths = (
			);
			runOnlyForDeploymentPostprocessing = 0;
			shellPath = /bin/sh;
			shellScript = "diff \"${PODS_PODFILE_DIR_PATH}/Podfile.lock\" \"${PODS_ROOT}/Manifest.lock\" > /dev/null\nif [ $? != 0 ] ; then\n    # print error to STDERR\n    echo \"error: The sandbox is not in sync with the Podfile.lock. Run 'pod install' or update your CocoaPods installation.\" >&2\n    exit 1\nfi\n";
			showEnvVarsInLog = 0;
		};
		E43EB27ACF5F669F3E800FFE /* [CP] Copy Pods Resources */ = {
			isa = PBXShellScriptBuildPhase;
			buildActionMask = 2147483647;
			files = (
			);
			inputPaths = (
			);
			name = "[CP] Copy Pods Resources";
			outputPaths = (
			);
			runOnlyForDeploymentPostprocessing = 0;
			shellPath = /bin/sh;
			shellScript = "\"${SRCROOT}/Pods/Target Support Files/Pods-PTListKit/Pods-PTListKit-resources.sh\"\n";
			showEnvVarsInLog = 0;
		};
/* End PBXShellScriptBuildPhase section */

/* Begin PBXSourcesBuildPhase section */
		084121D82003E58400F7E8A4 /* Sources */ = {
			isa = PBXSourcesBuildPhase;
			buildActionMask = 2147483647;
			files = (
				0890BF9D201A8CA300E29DA8 /* TableViewDataSource.swift in Sources */,
				08A09B7A2003E99500953BAA /* CollectionViewDataSource.swift in Sources */,
			);
			runOnlyForDeploymentPostprocessing = 0;
		};
		084121E22003E58400F7E8A4 /* Sources */ = {
			isa = PBXSourcesBuildPhase;
			buildActionMask = 2147483647;
			files = (
				08A09B712003E83500953BAA /* DataSourceSpec.swift in Sources */,
				0890BF9F201A8CC000E29DA8 /* TableViewDataSourceSpec.swift in Sources */,
			);
			runOnlyForDeploymentPostprocessing = 0;
		};
/* End PBXSourcesBuildPhase section */

/* Begin PBXTargetDependency section */
		084121E92003E58400F7E8A4 /* PBXTargetDependency */ = {
			isa = PBXTargetDependency;
			target = 084121DC2003E58400F7E8A4 /* PTListKit */;
			targetProxy = 084121E82003E58400F7E8A4 /* PBXContainerItemProxy */;
		};
/* End PBXTargetDependency section */

/* Begin XCBuildConfiguration section */
		084121EF2003E58400F7E8A4 /* Debug */ = {
			isa = XCBuildConfiguration;
			buildSettings = {
				ALWAYS_SEARCH_USER_PATHS = NO;
				CLANG_ANALYZER_NONNULL = YES;
				CLANG_ANALYZER_NUMBER_OBJECT_CONVERSION = YES_AGGRESSIVE;
				CLANG_CXX_LANGUAGE_STANDARD = "gnu++14";
				CLANG_CXX_LIBRARY = "libc++";
				CLANG_ENABLE_MODULES = YES;
				CLANG_ENABLE_OBJC_ARC = YES;
				CLANG_WARN_BLOCK_CAPTURE_AUTORELEASING = YES;
				CLANG_WARN_BOOL_CONVERSION = YES;
				CLANG_WARN_COMMA = YES;
				CLANG_WARN_CONSTANT_CONVERSION = YES;
				CLANG_WARN_DIRECT_OBJC_ISA_USAGE = YES_ERROR;
				CLANG_WARN_DOCUMENTATION_COMMENTS = YES;
				CLANG_WARN_EMPTY_BODY = YES;
				CLANG_WARN_ENUM_CONVERSION = YES;
				CLANG_WARN_INFINITE_RECURSION = YES;
				CLANG_WARN_INT_CONVERSION = YES;
				CLANG_WARN_NON_LITERAL_NULL_CONVERSION = YES;
				CLANG_WARN_OBJC_LITERAL_CONVERSION = YES;
				CLANG_WARN_OBJC_ROOT_CLASS = YES_ERROR;
				CLANG_WARN_RANGE_LOOP_ANALYSIS = YES;
				CLANG_WARN_STRICT_PROTOTYPES = YES;
				CLANG_WARN_SUSPICIOUS_MOVE = YES;
				CLANG_WARN_UNGUARDED_AVAILABILITY = YES_AGGRESSIVE;
				CLANG_WARN_UNREACHABLE_CODE = YES;
				CLANG_WARN__DUPLICATE_METHOD_MATCH = YES;
				CODE_SIGN_IDENTITY = "iPhone Developer";
				COPY_PHASE_STRIP = NO;
				CURRENT_PROJECT_VERSION = 1;
				DEBUG_INFORMATION_FORMAT = dwarf;
				ENABLE_STRICT_OBJC_MSGSEND = YES;
				ENABLE_TESTABILITY = YES;
				GCC_C_LANGUAGE_STANDARD = gnu11;
				GCC_DYNAMIC_NO_PIC = NO;
				GCC_NO_COMMON_BLOCKS = YES;
				GCC_OPTIMIZATION_LEVEL = 0;
				GCC_PREPROCESSOR_DEFINITIONS = (
					"DEBUG=1",
					"$(inherited)",
				);
				GCC_WARN_64_TO_32_BIT_CONVERSION = YES;
				GCC_WARN_ABOUT_RETURN_TYPE = YES_ERROR;
				GCC_WARN_UNDECLARED_SELECTOR = YES;
				GCC_WARN_UNINITIALIZED_AUTOS = YES_AGGRESSIVE;
				GCC_WARN_UNUSED_FUNCTION = YES;
				GCC_WARN_UNUSED_VARIABLE = YES;
				IPHONEOS_DEPLOYMENT_TARGET = 11.2;
				MTL_ENABLE_DEBUG_INFO = YES;
				ONLY_ACTIVE_ARCH = YES;
				SDKROOT = iphoneos;
				SWIFT_ACTIVE_COMPILATION_CONDITIONS = DEBUG;
				SWIFT_OPTIMIZATION_LEVEL = "-Onone";
				VERSIONING_SYSTEM = "apple-generic";
				VERSION_INFO_PREFIX = "";
			};
			name = Debug;
		};
		084121F02003E58400F7E8A4 /* Release */ = {
			isa = XCBuildConfiguration;
			buildSettings = {
				ALWAYS_SEARCH_USER_PATHS = NO;
				CLANG_ANALYZER_NONNULL = YES;
				CLANG_ANALYZER_NUMBER_OBJECT_CONVERSION = YES_AGGRESSIVE;
				CLANG_CXX_LANGUAGE_STANDARD = "gnu++14";
				CLANG_CXX_LIBRARY = "libc++";
				CLANG_ENABLE_MODULES = YES;
				CLANG_ENABLE_OBJC_ARC = YES;
				CLANG_WARN_BLOCK_CAPTURE_AUTORELEASING = YES;
				CLANG_WARN_BOOL_CONVERSION = YES;
				CLANG_WARN_COMMA = YES;
				CLANG_WARN_CONSTANT_CONVERSION = YES;
				CLANG_WARN_DIRECT_OBJC_ISA_USAGE = YES_ERROR;
				CLANG_WARN_DOCUMENTATION_COMMENTS = YES;
				CLANG_WARN_EMPTY_BODY = YES;
				CLANG_WARN_ENUM_CONVERSION = YES;
				CLANG_WARN_INFINITE_RECURSION = YES;
				CLANG_WARN_INT_CONVERSION = YES;
				CLANG_WARN_NON_LITERAL_NULL_CONVERSION = YES;
				CLANG_WARN_OBJC_LITERAL_CONVERSION = YES;
				CLANG_WARN_OBJC_ROOT_CLASS = YES_ERROR;
				CLANG_WARN_RANGE_LOOP_ANALYSIS = YES;
				CLANG_WARN_STRICT_PROTOTYPES = YES;
				CLANG_WARN_SUSPICIOUS_MOVE = YES;
				CLANG_WARN_UNGUARDED_AVAILABILITY = YES_AGGRESSIVE;
				CLANG_WARN_UNREACHABLE_CODE = YES;
				CLANG_WARN__DUPLICATE_METHOD_MATCH = YES;
				CODE_SIGN_IDENTITY = "iPhone Developer";
				COPY_PHASE_STRIP = NO;
				CURRENT_PROJECT_VERSION = 1;
				DEBUG_INFORMATION_FORMAT = "dwarf-with-dsym";
				ENABLE_NS_ASSERTIONS = NO;
				ENABLE_STRICT_OBJC_MSGSEND = YES;
				GCC_C_LANGUAGE_STANDARD = gnu11;
				GCC_NO_COMMON_BLOCKS = YES;
				GCC_WARN_64_TO_32_BIT_CONVERSION = YES;
				GCC_WARN_ABOUT_RETURN_TYPE = YES_ERROR;
				GCC_WARN_UNDECLARED_SELECTOR = YES;
				GCC_WARN_UNINITIALIZED_AUTOS = YES_AGGRESSIVE;
				GCC_WARN_UNUSED_FUNCTION = YES;
				GCC_WARN_UNUSED_VARIABLE = YES;
				IPHONEOS_DEPLOYMENT_TARGET = 11.2;
				MTL_ENABLE_DEBUG_INFO = NO;
				SDKROOT = iphoneos;
				SWIFT_OPTIMIZATION_LEVEL = "-Owholemodule";
				VALIDATE_PRODUCT = YES;
				VERSIONING_SYSTEM = "apple-generic";
				VERSION_INFO_PREFIX = "";
			};
			name = Release;
		};
		084121F22003E58400F7E8A4 /* Debug */ = {
			isa = XCBuildConfiguration;
			baseConfigurationReference = C8A1A4ABCE05E41909008222 /* Pods-PTListKit.debug.xcconfig */;
			buildSettings = {
				CLANG_ENABLE_MODULES = YES;
				CODE_SIGN_IDENTITY = "";
				CODE_SIGN_STYLE = Automatic;
				DEFINES_MODULE = YES;
				DYLIB_COMPATIBILITY_VERSION = 1;
				DYLIB_CURRENT_VERSION = 1;
				DYLIB_INSTALL_NAME_BASE = "@rpath";
				INFOPLIST_FILE = PTListKit/Info.plist;
				INSTALL_PATH = "$(LOCAL_LIBRARY_DIR)/Frameworks";
				LD_RUNPATH_SEARCH_PATHS = "$(inherited) @executable_path/Frameworks @loader_path/Frameworks";
				PRODUCT_BUNDLE_IDENTIFIER = com.damwoo.PTListKit;
				PRODUCT_NAME = "$(TARGET_NAME:c99extidentifier)";
				SKIP_INSTALL = YES;
				SWIFT_OPTIMIZATION_LEVEL = "-Onone";
				SWIFT_VERSION = 4.0;
				TARGETED_DEVICE_FAMILY = "1,2";
			};
			name = Debug;
		};
		084121F32003E58400F7E8A4 /* Release */ = {
			isa = XCBuildConfiguration;
			baseConfigurationReference = C8D56E8F7C7B1A6AD1542006 /* Pods-PTListKit.release.xcconfig */;
			buildSettings = {
				CLANG_ENABLE_MODULES = YES;
				CODE_SIGN_IDENTITY = "";
				CODE_SIGN_STYLE = Automatic;
				DEFINES_MODULE = YES;
				DYLIB_COMPATIBILITY_VERSION = 1;
				DYLIB_CURRENT_VERSION = 1;
				DYLIB_INSTALL_NAME_BASE = "@rpath";
				INFOPLIST_FILE = PTListKit/Info.plist;
				INSTALL_PATH = "$(LOCAL_LIBRARY_DIR)/Frameworks";
				LD_RUNPATH_SEARCH_PATHS = "$(inherited) @executable_path/Frameworks @loader_path/Frameworks";
				PRODUCT_BUNDLE_IDENTIFIER = com.damwoo.PTListKit;
				PRODUCT_NAME = "$(TARGET_NAME:c99extidentifier)";
				SKIP_INSTALL = YES;
				SWIFT_VERSION = 4.0;
				TARGETED_DEVICE_FAMILY = "1,2";
			};
			name = Release;
		};
		084121F52003E58400F7E8A4 /* Debug */ = {
			isa = XCBuildConfiguration;
			baseConfigurationReference = 0784DD5D62AFB40EA4A4AF20 /* Pods-PTListKit-PTListKitTests.debug.xcconfig */;
			buildSettings = {
				ALWAYS_EMBED_SWIFT_STANDARD_LIBRARIES = YES;
				CLANG_ENABLE_MODULES = YES;
				CODE_SIGN_STYLE = Automatic;
				INFOPLIST_FILE = PTListKitTests/Info.plist;
				LD_RUNPATH_SEARCH_PATHS = "$(inherited) @executable_path/Frameworks @loader_path/Frameworks";
				PRODUCT_BUNDLE_IDENTIFIER = com.damwoo.PTListKitTests;
				PRODUCT_NAME = "$(TARGET_NAME)";
				SWIFT_OPTIMIZATION_LEVEL = "-Onone";
				SWIFT_VERSION = 4.0;
				TARGETED_DEVICE_FAMILY = "1,2";
			};
			name = Debug;
		};
		084121F62003E58400F7E8A4 /* Release */ = {
			isa = XCBuildConfiguration;
			baseConfigurationReference = 1C57C79DFC281A09D48FC1D2 /* Pods-PTListKit-PTListKitTests.release.xcconfig */;
			buildSettings = {
				ALWAYS_EMBED_SWIFT_STANDARD_LIBRARIES = YES;
				CLANG_ENABLE_MODULES = YES;
				CODE_SIGN_STYLE = Automatic;
				INFOPLIST_FILE = PTListKitTests/Info.plist;
				LD_RUNPATH_SEARCH_PATHS = "$(inherited) @executable_path/Frameworks @loader_path/Frameworks";
				PRODUCT_BUNDLE_IDENTIFIER = com.damwoo.PTListKitTests;
				PRODUCT_NAME = "$(TARGET_NAME)";
				SWIFT_VERSION = 4.0;
				TARGETED_DEVICE_FAMILY = "1,2";
			};
			name = Release;
		};
/* End XCBuildConfiguration section */

/* Begin XCConfigurationList section */
		084121D72003E58400F7E8A4 /* Build configuration list for PBXProject "PTListKit" */ = {
			isa = XCConfigurationList;
			buildConfigurations = (
				084121EF2003E58400F7E8A4 /* Debug */,
				084121F02003E58400F7E8A4 /* Release */,
			);
			defaultConfigurationIsVisible = 0;
			defaultConfigurationName = Release;
		};
		084121F12003E58400F7E8A4 /* Build configuration list for PBXNativeTarget "PTListKit" */ = {
			isa = XCConfigurationList;
			buildConfigurations = (
				084121F22003E58400F7E8A4 /* Debug */,
				084121F32003E58400F7E8A4 /* Release */,
			);
			defaultConfigurationIsVisible = 0;
			defaultConfigurationName = Release;
		};
		084121F42003E58400F7E8A4 /* Build configuration list for PBXNativeTarget "PTListKitTests" */ = {
			isa = XCConfigurationList;
			buildConfigurations = (
				084121F52003E58400F7E8A4 /* Debug */,
				084121F62003E58400F7E8A4 /* Release */,
			);
			defaultConfigurationIsVisible = 0;
			defaultConfigurationName = Release;
		};
/* End XCConfigurationList section */
	};
	rootObject = 084121D42003E58400F7E8A4 /* Project object */;
}
